
Microsoft Visual Studio Solution File, Format Version 11.00
# Visual Studio 2010
Project("{FAE04EC0-301F-11D3-BF4B-00C04F79EFBC}") = "BISTel.eSPC.Business.Server", "BISTel.eSPC.Business.Server\BISTel.eSPC.Business.Server.csproj", "{99C5E958-4B5E-4E23-A0D5-25D935B9B6D0}"
EndProject
Project("{FAE04EC0-301F-11D3-BF4B-00C04F79EFBC}") = "BISTel.eSPC.Common", "BISTel.eSPC.Common\BISTel.eSPC.Common.csproj", "{4C482D11-59DF-461C-BC30-6C462DB19C0B}"
EndProject
Project("{FAE04EC0-301F-11D3-BF4B-00C04F79EFBC}") = "BISTel.eSPC.Condition", "BISTel.eSPC.Condition\BISTel.eSPC.Condition.csproj", "{88394189-108B-4B0A-94B8-F2F85AA2CEEB}"
EndProject
Project("{FAE04EC0-301F-11D3-BF4B-00C04F79EFBC}") = "BISTel.eSPC.Data.Server", "BISTel.eSPC.Data.Server\BISTel.eSPC.Data.Server.csproj", "{9649658F-1C5E-4D43-9944-9DBACC11F3D7}"
EndProject
Project("{FAE04EC0-301F-11D3-BF4B-00C04F79EFBC}") = "BISTel.eSPC.Page", "BISTel.eSPC.Page\BISTel.eSPC.Page.csproj", "{5168DE00-5740-42C8-9A73-C0D9CCFECBF1}"
EndProject
Project("{FAE04EC0-301F-11D3-BF4B-00C04F79EFBC}") = "eSPCWebService", "eSPCWebService\eSPCWebService.csproj", "{1ED8AF1F-D4C1-4C4F-AA0A-4D6E3429E840}"
	ProjectSection(ProjectDependencies) = postProject
		{4C482D11-59DF-461C-BC30-6C462DB19C0B} = {4C482D11-59DF-461C-BC30-6C462DB19C0B}
		{99C5E958-4B5E-4E23-A0D5-25D935B9B6D0} = {99C5E958-4B5E-4E23-A0D5-25D935B9B6D0}
		{9649658F-1C5E-4D43-9944-9DBACC11F3D7} = {9649658F-1C5E-4D43-9944-9DBACC11F3D7}
	EndProjectSection
EndProject
Project("{2150E333-8FDC-42A3-9474-1A3956D46DE8}") = "common", "common", "{1549EF21-1F7F-4C21-A8C7-8182FEA58A49}"
EndProject
Project("{2150E333-8FDC-42A3-9474-1A3956D46DE8}") = "EESMain", "EESMain", "{DD251A18-0ABF-4C4B-A4A3-FFBA6BDC7905}"
EndProject
Project("{2150E333-8FDC-42A3-9474-1A3956D46DE8}") = "Web", "Web", "{6D70BC6A-9D24-412A-B0C4-DF91B8741FE3}"
EndProject
Project("{2150E333-8FDC-42A3-9474-1A3956D46DE8}") = "WebService", "WebService", "{6A8AE8C9-96F9-4F00-AE49-97DBAB932937}"
EndProject
Project("{FAE04EC0-301F-11D3-BF4B-00C04F79EFBC}") = "EESDataManager", "..\..\..\..\common\eesclient\2.x\EESMain\src\EESDataManager\EESDataManager.csproj", "{EA08EB9E-B869-494B-941A-A6A01410DE1D}"
EndProject
Project("{FAE04EC0-301F-11D3-BF4B-00C04F79EFBC}") = "EESMainContainer", "..\..\..\..\common\eesclient\2.x\EESMain\src\EESMainContainer\EESMainContainer.csproj", "{75016756-CA5F-4F9B-BD60-BCD4D7DAAA81}"
EndProject
Project("{FAE04EC0-301F-11D3-BF4B-00C04F79EFBC}") = "EES", "..\..\..\..\common\eesclient\2.x\Web\src\EESWeb\EES.csproj", "{B2CEE2E9-A597-47E6-BCD7-8998964B7B35}"
EndProject
Project("{FAE04EC0-301F-11D3-BF4B-00C04F79EFBC}") = "BISTel.Common.Common", "..\..\..\..\common\eesclient\2.x\WebService\src\BISTel.Common.Common\BISTel.Common.Common.csproj", "{9D047D49-94F1-47D9-939D-A402CF9C8B71}"
EndProject
Project("{FAE04EC0-301F-11D3-BF4B-00C04F79EFBC}") = "BISTel.Common.Data.Server", "..\..\..\..\common\eesclient\2.x\WebService\src\BISTel.Common.Data.Server\BISTel.Common.Data.Server.csproj", "{D308B5F7-3DAF-4132-980B-E075E5062070}"
EndProject
Project("{FAE04EC0-301F-11D3-BF4B-00C04F79EFBC}") = "BISTel.Common.Business.Server", "..\..\..\..\common\eesclient\2.x\WebService\src\BISTel.Common.Business.Server\BISTel.Common.Business.Server.csproj", "{BA3CBACB-386E-4ED8-8AD1-6DFA70E575CE}"
EndProject
Project("{FAE04EC0-301F-11D3-BF4B-00C04F79EFBC}") = "CommonWebService", "..\..\..\..\common\eesclient\2.x\WebService\src\CommonWebService\CommonWebService.csproj", "{94446411-884B-43B1-AD67-9AAA1C3F89AB}"
EndProject
Global
	GlobalSection(SolutionConfigurationPlatforms) = preSolution
		Debug|Any CPU = Debug|Any CPU
		Release|Any CPU = Release|Any CPU
	EndGlobalSection
	GlobalSection(ProjectConfigurationPlatforms) = postSolution
		{99C5E958-4B5E-4E23-A0D5-25D935B9B6D0}.Debug|Any CPU.ActiveCfg = Debug|Any CPU
		{99C5E958-4B5E-4E23-A0D5-25D935B9B6D0}.Debug|Any CPU.Build.0 = Debug|Any CPU
		{99C5E958-4B5E-4E23-A0D5-25D935B9B6D0}.Release|Any CPU.ActiveCfg = Release|Any CPU
		{99C5E958-4B5E-4E23-A0D5-25D935B9B6D0}.Release|Any CPU.Build.0 = Release|Any CPU
		{4C482D11-59DF-461C-BC30-6C462DB19C0B}.Debug|Any CPU.ActiveCfg = Debug|Any CPU
		{4C482D11-59DF-461C-BC30-6C462DB19C0B}.Debug|Any CPU.Build.0 = Debug|Any CPU
		{4C482D11-59DF-461C-BC30-6C462DB19C0B}.Release|Any CPU.ActiveCfg = Release|Any CPU
		{4C482D11-59DF-461C-BC30-6C462DB19C0B}.Release|Any CPU.Build.0 = Release|Any CPU
		{88394189-108B-4B0A-94B8-F2F85AA2CEEB}.Debug|Any CPU.ActiveCfg = Debug|Any CPU
		{88394189-108B-4B0A-94B8-F2F85AA2CEEB}.Debug|Any CPU.Build.0 = Debug|Any CPU
		{88394189-108B-4B0A-94B8-F2F85AA2CEEB}.Release|Any CPU.ActiveCfg = Release|Any CPU
		{88394189-108B-4B0A-94B8-F2F85AA2CEEB}.Release|Any CPU.Build.0 = Release|Any CPU
		{9649658F-1C5E-4D43-9944-9DBACC11F3D7}.Debug|Any CPU.ActiveCfg = Debug|Any CPU
		{9649658F-1C5E-4D43-9944-9DBACC11F3D7}.Debug|Any CPU.Build.0 = Debug|Any CPU
		{9649658F-1C5E-4D43-9944-9DBACC11F3D7}.Release|Any CPU.ActiveCfg = Release|Any CPU
		{9649658F-1C5E-4D43-9944-9DBACC11F3D7}.Release|Any CPU.Build.0 = Release|Any CPU
		{5168DE00-5740-42C8-9A73-C0D9CCFECBF1}.Debug|Any CPU.ActiveCfg = Debug|Any CPU
		{5168DE00-5740-42C8-9A73-C0D9CCFECBF1}.Debug|Any CPU.Build.0 = Debug|Any CPU
		{5168DE00-5740-42C8-9A73-C0D9CCFECBF1}.Release|Any CPU.ActiveCfg = Release|Any CPU
		{5168DE00-5740-42C8-9A73-C0D9CCFECBF1}.Release|Any CPU.Build.0 = Release|Any CPU
		{1ED8AF1F-D4C1-4C4F-AA0A-4D6E3429E840}.Debug|Any CPU.ActiveCfg = Debug|Any CPU
		{1ED8AF1F-D4C1-4C4F-AA0A-4D6E3429E840}.Debug|Any CPU.Build.0 = Debug|Any CPU
		{1ED8AF1F-D4C1-4C4F-AA0A-4D6E3429E840}.Release|Any CPU.ActiveCfg = Release|Any CPU
		{1ED8AF1F-D4C1-4C4F-AA0A-4D6E3429E840}.Release|Any CPU.Build.0 = Release|Any CPU
		{EA08EB9E-B869-494B-941A-A6A01410DE1D}.Debug|Any CPU.ActiveCfg = Debug|Any CPU
		{EA08EB9E-B869-494B-941A-A6A01410DE1D}.Debug|Any CPU.Build.0 = Debug|Any CPU
		{EA08EB9E-B869-494B-941A-A6A01410DE1D}.Release|Any CPU.ActiveCfg = Release|Any CPU
		{EA08EB9E-B869-494B-941A-A6A01410DE1D}.Release|Any CPU.Build.0 = Release|Any CPU
		{75016756-CA5F-4F9B-BD60-BCD4D7DAAA81}.Debug|Any CPU.ActiveCfg = Debug|Any CPU
		{75016756-CA5F-4F9B-BD60-BCD4D7DAAA81}.Debug|Any CPU.Build.0 = Debug|Any CPU
		{75016756-CA5F-4F9B-BD60-BCD4D7DAAA81}.Release|Any CPU.ActiveCfg = Release|Any CPU
		{75016756-CA5F-4F9B-BD60-BCD4D7DAAA81}.Release|Any CPU.Build.0 = Release|Any CPU
		{B2CEE2E9-A597-47E6-BCD7-8998964B7B35}.Debug|Any CPU.ActiveCfg = Debug|Any CPU
		{B2CEE2E9-A597-47E6-BCD7-8998964B7B35}.Debug|Any CPU.Build.0 = Debug|Any CPU
		{B2CEE2E9-A597-47E6-BCD7-8998964B7B35}.Release|Any CPU.ActiveCfg = Release|Any CPU
		{B2CEE2E9-A597-47E6-BCD7-8998964B7B35}.Release|Any CPU.Build.0 = Release|Any CPU
		{9D047D49-94F1-47D9-939D-A402CF9C8B71}.Debug|Any CPU.ActiveCfg = Debug|Any CPU
		{9D047D49-94F1-47D9-939D-A402CF9C8B71}.Debug|Any CPU.Build.0 = Debug|Any CPU
		{9D047D49-94F1-47D9-939D-A402CF9C8B71}.Release|Any CPU.ActiveCfg = Release|Any CPU
		{9D047D49-94F1-47D9-939D-A402CF9C8B71}.Release|Any CPU.Build.0 = Release|Any CPU
		{D308B5F7-3DAF-4132-980B-E075E5062070}.Debug|Any CPU.ActiveCfg = Debug|Any CPU
		{D308B5F7-3DAF-4132-980B-E075E5062070}.Debug|Any CPU.Build.0 = Debug|Any CPU
		{D308B5F7-3DAF-4132-980B-E075E5062070}.Release|Any CPU.ActiveCfg = Release|Any CPU
		{D308B5F7-3DAF-4132-980B-E075E5062070}.Release|Any CPU.Build.0 = Release|Any CPU
		{BA3CBACB-386E-4ED8-8AD1-6DFA70E575CE}.Debug|Any CPU.ActiveCfg = Debug|Any CPU
		{BA3CBACB-386E-4ED8-8AD1-6DFA70E575CE}.Debug|Any CPU.Build.0 = Debug|Any CPU
		{BA3CBACB-386E-4ED8-8AD1-6DFA70E575CE}.Release|Any CPU.ActiveCfg = Release|Any CPU
		{BA3CBACB-386E-4ED8-8AD1-6DFA70E575CE}.Release|Any CPU.Build.0 = Release|Any CPU
		{94446411-884B-43B1-AD67-9AAA1C3F89AB}.Debug|Any CPU.ActiveCfg = Debug|Any CPU
		{94446411-884B-43B1-AD67-9AAA1C3F89AB}.Debug|Any CPU.Build.0 = Debug|Any CPU
		{94446411-884B-43B1-AD67-9AAA1C3F89AB}.Release|Any CPU.ActiveCfg = Release|Any CPU
		{94446411-884B-43B1-AD67-9AAA1C3F89AB}.Release|Any CPU.Build.0 = Release|Any CPU
	EndGlobalSection
	GlobalSection(SolutionProperties) = preSolution
		HideSolutionNode = FALSE
	EndGlobalSection
	GlobalSection(NestedProjects) = preSolution
		{DD251A18-0ABF-4C4B-A4A3-FFBA6BDC7905} = {1549EF21-1F7F-4C21-A8C7-8182FEA58A49}
		{6D70BC6A-9D24-412A-B0C4-DF91B8741FE3} = {1549EF21-1F7F-4C21-A8C7-8182FEA58A49}
		{6A8AE8C9-96F9-4F00-AE49-97DBAB932937} = {1549EF21-1F7F-4C21-A8C7-8182FEA58A49}
		{EA08EB9E-B869-494B-941A-A6A01410DE1D} = {DD251A18-0ABF-4C4B-A4A3-FFBA6BDC7905}
		{75016756-CA5F-4F9B-BD60-BCD4D7DAAA81} = {DD251A18-0ABF-4C4B-A4A3-FFBA6BDC7905}
		{B2CEE2E9-A597-47E6-BCD7-8998964B7B35} = {6D70BC6A-9D24-412A-B0C4-DF91B8741FE3}
		{9D047D49-94F1-47D9-939D-A402CF9C8B71} = {6A8AE8C9-96F9-4F00-AE49-97DBAB932937}
		{D308B5F7-3DAF-4132-980B-E075E5062070} = {6A8AE8C9-96F9-4F00-AE49-97DBAB932937}
		{BA3CBACB-386E-4ED8-8AD1-6DFA70E575CE} = {6A8AE8C9-96F9-4F00-AE49-97DBAB932937}
		{94446411-884B-43B1-AD67-9AAA1C3F89AB} = {6A8AE8C9-96F9-4F00-AE49-97DBAB932937}
	EndGlobalSection
EndGlobal
